{
  "requires": true,
  "lockfileVersion": 1,
  "dependencies": {
    "libreria-ls": {
      "version": "1.0.1",
      "resolved": "https://registry.npmjs.org/libreria-ls/-/libreria-ls-1.0.1.tgz",
      "integrity": "sha512-znccx7TO9ugYqvQVTC8zGXDSbdDongU0yHHNBWGPmFFpDoUK8Y1Bh92LZMFVsXaeUEKD1+gvz6qwpSJBn44c7w=="
    }
  }
}
