{
  "name": "calculadora",
  "version": "1.0.1",
  "lockfileVersion": 1,
  "requires": true,
  "dependencies": {
    "libreria-ls": {
      "version": "1.3.0",
      "resolved": "https://registry.npmjs.org/libreria-ls/-/libreria-ls-1.3.0.tgz",
      "integrity": "sha512-HCn0Z9ChN7mi64xKD0lc1SOkpWOlxwBaoAGpr0Y0yu5ZO171JXlDbUo6HkT1YEUpAz0cOukl0bJAqkvHTyuaNw=="
    }
  }
}
